
Microsoft Visual Studio Solution File, Format Version 12.00
# Visual Studio 15
VisualStudioVersion = 15.0.28307.779
MinimumVisualStudioVersion = 10.0.40219.1
Project("{FAE04EC0-301F-11D3-BF4B-00C04F79EFBC}") = "SandCastleTest", "SandCastleTest\SandCastleTest.csproj", "{76092967-6984-42E9-9E5C-FEBF40257FD7}"
EndProject
Global
	GlobalSection(SolutionConfigurationPlatforms) = preSolution
		Debug|Any CPU = Debug|Any CPU
		Release|Any CPU = Release|Any CPU
	EndGlobalSection
	GlobalSection(ProjectConfigurationPlatforms) = postSolution
		{76092967-6984-42E9-9E5C-FEBF40257FD7}.Debug|Any CPU.ActiveCfg = Debug|Any CPU
		{76092967-6984-42E9-9E5C-FEBF40257FD7}.Debug|Any CPU.Build.0 = Debug|Any CPU
		{76092967-6984-42E9-9E5C-FEBF40257FD7}.Release|Any CPU.ActiveCfg = Release|Any CPU
		{76092967-6984-42E9-9E5C-FEBF40257FD7}.Release|Any CPU.Build.0 = Release|Any CPU
	EndGlobalSection
	GlobalSection(SolutionProperties) = preSolution
		HideSolutionNode = FALSE
	EndGlobalSection
	GlobalSection(ExtensibilityGlobals) = postSolution
		SolutionGuid = {2B7E78D1-0EE7-433E-AB50-127D045B44FB}
	EndGlobalSection
EndGlobal
